<?xml version="1.0" encoding="utf-8"?>
<Project ToolsVersion="4.0" xmlns="http://schemas.microsoft.com/developer/msbuild/2003">
  <ItemGroup>
    <Filter Include="ソース ファイル">
      <UniqueIdentifier>{4FC737F1-C7A5-4376-A066-2A32D752A2FF}</UniqueIdentifier>
      <Extensions>cpp;c;cc;cxx;c++;cppm;ixx;def;odl;idl;hpj;bat;asm;asmx</Extensions>
    </Filter>
    <Filter Include="ヘッダー ファイル">
      <UniqueIdentifier>{93995380-89BD-4b04-88EB-625FBE52EBFB}</UniqueIdentifier>
      <Extensions>h;hh;hpp;hxx;h++;hm;inl;inc;ipp;xsd</Extensions>
    </Filter>
    <Filter Include="リソース ファイル">
      <UniqueIdentifier>{67DA6AB6-F800-4c08-8B7A-83BB121AAD01}</UniqueIdentifier>
      <Extensions>rc;ico;cur;bmp;dlg;rc2;rct;bin;rgs;gif;jpg;jpeg;jpe;resx;tiff;tif;png;wav;mfcribbon-ms</Extensions>
    </Filter>
    <Filter Include="ヘッダー ファイル\Container">
      <UniqueIdentifier>{07a9afed-3003-4bd0-aa15-e5c6d68b06b3}</UniqueIdentifier>
    </Filter>
    <Filter Include="ヘッダー ファイル\DebugLogs">
      <UniqueIdentifier>{2cadb5f5-567b-48e1-aa78-08ab3ec9c09c}</UniqueIdentifier>
    </Filter>
    <Filter Include="ヘッダー ファイル\Enum">
      <UniqueIdentifier>{cf5dd4a3-6279-4007-89ac-2c3ed148404b}</UniqueIdentifier>
    </Filter>
    <Filter Include="ヘッダー ファイル\Singleton">
      <UniqueIdentifier>{3d119da0-deda-4d90-8149-f13792cb9127}</UniqueIdentifier>
    </Filter>
    <Filter Include="ヘッダー ファイル\State">
      <UniqueIdentifier>{a75b0045-0d20-44eb-9ae4-9406a2212aab}</UniqueIdentifier>
    </Filter>
    <Filter Include="ヘッダー ファイル\Struct">
      <UniqueIdentifier>{32b684a8-b662-44e8-8a4b-518421d17c0f}</UniqueIdentifier>
    </Filter>
    <Filter Include="ヘッダー ファイル\TemplateTypeRestriction">
      <UniqueIdentifier>{8d9f4d50-86b6-40f3-bd47-0b9b9e6cd020}</UniqueIdentifier>
    </Filter>
    <Filter Include="ヘッダー ファイル\Util">
      <UniqueIdentifier>{2771ee23-7f1d-46a2-bc2f-6d6a092cf00f}</UniqueIdentifier>
    </Filter>
    <Filter Include="ヘッダー ファイル\Singleton\ResourceSingleton">
      <UniqueIdentifier>{496507c7-136e-4ae0-ae76-070e7f16a5db}</UniqueIdentifier>
    </Filter>
    <Filter Include="ヘッダー ファイル\State\FSM">
      <UniqueIdentifier>{0ac5ec60-ab01-4aea-accf-28ec7d294581}</UniqueIdentifier>
    </Filter>
    <Filter Include="ヘッダー ファイル\State\StateBase">
      <UniqueIdentifier>{f8d31d58-4ae4-469b-adec-435a037d328b}</UniqueIdentifier>
    </Filter>
    <Filter Include="ソース ファイル\DebugLogs">
      <UniqueIdentifier>{bbef7714-5056-491c-b8b1-cbe960085848}</UniqueIdentifier>
    </Filter>
    <Filter Include="ヘッダー ファイル\DebugLogs\imgui">
      <UniqueIdentifier>{77463ace-c298-40a4-a7cf-0f912eb752e9}</UniqueIdentifier>
    </Filter>
    <Filter Include="ヘッダー ファイル\DebugLogs\imgui\backends">
      <UniqueIdentifier>{482a14ee-a548-4938-97cd-9588ec579f6a}</UniqueIdentifier>
    </Filter>
    <Filter Include="ソース ファイル\DebugLogs\imgui">
      <UniqueIdentifier>{0c7a3422-a7a7-4a77-a676-2d436b6c7992}</UniqueIdentifier>
    </Filter>
    <Filter Include="ソース ファイル\DebugLogs\imgui\backends">
      <UniqueIdentifier>{bad2ca6a-0d37-47d1-ae04-656b2154cf2c}</UniqueIdentifier>
    </Filter>
    <Filter Include="ソース ファイル\Singleton">
      <UniqueIdentifier>{9e78a58e-546d-4448-9b5b-73336438b018}</UniqueIdentifier>
    </Filter>
    <Filter Include="ソース ファイル\Singleton\ResourceSingleton">
      <UniqueIdentifier>{a8b45b8e-27e3-48bf-8cc7-838cb66686d5}</UniqueIdentifier>
    </Filter>
    <Filter Include="ソース ファイル\Struct">
      <UniqueIdentifier>{80409968-ecf3-4e44-ad2f-151008c6666d}</UniqueIdentifier>
    </Filter>
    <Filter Include="ソース ファイル\Util">
      <UniqueIdentifier>{e6bde3b2-7f72-4cc0-9094-5c447edf76b0}</UniqueIdentifier>
    </Filter>
    <Filter Include="ソース ファイル\State">
      <UniqueIdentifier>{eeec8921-b8f1-4281-9538-0b0b255d1e93}</UniqueIdentifier>
    </Filter>
    <Filter Include="ソース ファイル\State\StateBase">
      <UniqueIdentifier>{39fdfde9-ebfe-41a6-a9ff-551e98eb5c78}</UniqueIdentifier>
    </Filter>
    <Filter Include="ソース ファイル\State\FSM">
      <UniqueIdentifier>{227a4250-f7bc-4b6c-b023-c55ae812a36c}</UniqueIdentifier>
    </Filter>
    <Filter Include="ソース ファイル\Shine">
      <UniqueIdentifier>{c13e5384-d73c-41c3-bb0a-75d7070cc580}</UniqueIdentifier>
    </Filter>
    <Filter Include="ヘッダー ファイル\Shine">
      <UniqueIdentifier>{999895cc-5bc7-47ab-96a5-f66e0c2b4a63}</UniqueIdentifier>
    </Filter>
  </ItemGroup>
  <ItemGroup>
    <ClInclude Include="Imgui\imconfig.h">
      <Filter>ヘッダー ファイル\DebugLogs\imgui</Filter>
    </ClInclude>
    <ClInclude Include="Imgui\imgui.h">
      <Filter>ヘッダー ファイル\DebugLogs\imgui</Filter>
    </ClInclude>
    <ClInclude Include="Imgui\imgui_internal.h">
      <Filter>ヘッダー ファイル\DebugLogs\imgui</Filter>
    </ClInclude>
    <ClInclude Include="Imgui\imstb_rectpack.h">
      <Filter>ヘッダー ファイル\DebugLogs\imgui</Filter>
    </ClInclude>
    <ClInclude Include="Imgui\imstb_textedit.h">
      <Filter>ヘッダー ファイル\DebugLogs\imgui</Filter>
    </ClInclude>
    <ClInclude Include="Imgui\imstb_truetype.h">
      <Filter>ヘッダー ファイル\DebugLogs\imgui</Filter>
    </ClInclude>
    <ClInclude Include="Imgui\backends\imgui_impl_dx11.h">
      <Filter>ヘッダー ファイル\DebugLogs\imgui\backends</Filter>
    </ClInclude>
    <ClInclude Include="Imgui\backends\imgui_impl_win32.h">
      <Filter>ヘッダー ファイル\DebugLogs\imgui\backends</Filter>
    </ClInclude>
    <ClInclude Include="Source\Container\HandleContainer.h">
      <Filter>ヘッダー ファイル\Container</Filter>
    </ClInclude>
    <ClInclude Include="Source\DebugLogs\DebugLog.h">
      <Filter>ヘッダー ファイル\DebugLogs</Filter>
    </ClInclude>
    <ClInclude Include="Source\Enum\DotWeenEnum.h">
      <Filter>ヘッダー ファイル\Enum</Filter>
    </ClInclude>
    <ClInclude Include="Source\Enum\DrawEnum.h">
      <Filter>ヘッダー ファイル\Enum</Filter>
    </ClInclude>
    <ClInclude Include="Source\Enum\ImguiEnum.h">
      <Filter>ヘッダー ファイル\Enum</Filter>
    </ClInclude>
    <ClInclude Include="Source\Enum\KeyStateEnum.h">
      <Filter>ヘッダー ファイル\Enum</Filter>
    </ClInclude>
    <ClInclude Include="Source\Enum\ResourceEnum.h">
      <Filter>ヘッダー ファイル\Enum</Filter>
    </ClInclude>
    <ClInclude Include="Source\Singleton\CameraManager.h">
      <Filter>ヘッダー ファイル\Singleton</Filter>
    </ClInclude>
    <ClInclude Include="Source\Singleton\DotWeenManager.h">
      <Filter>ヘッダー ファイル\Singleton</Filter>
    </ClInclude>
    <ClInclude Include="Source\Singleton\DrawManager.h">
      <Filter>ヘッダー ファイル\Singleton</Filter>
    </ClInclude>
    <ClInclude Include="Source\Singleton\EndManager.h">
      <Filter>ヘッダー ファイル\Singleton</Filter>
    </ClInclude>
    <ClInclude Include="Source\Singleton\GameManager.h">
      <Filter>ヘッダー ファイル\Singleton</Filter>
    </ClInclude>
    <ClInclude Include="Source\Singleton\ImguiManager.h">
      <Filter>ヘッダー ファイル\Singleton</Filter>
    </ClInclude>
    <ClInclude Include="Source\Singleton\KeyState.h">
      <Filter>ヘッダー ファイル\Singleton</Filter>
    </ClInclude>
    <ClInclude Include="Source\Singleton\LoadingManager.h">
      <Filter>ヘッダー ファイル\Singleton</Filter>
    </ClInclude>
    <ClInclude Include="Source\Singleton\Master.h">
      <Filter>ヘッダー ファイル\Singleton</Filter>
    </ClInclude>
    <ClInclude Include="Source\Singleton\StopManager.h">
      <Filter>ヘッダー ファイル\Singleton</Filter>
    </ClInclude>
    <ClInclude Include="Source\Singleton\ThreadManager.h">
      <Filter>ヘッダー ファイル\Singleton</Filter>
    </ClInclude>
    <ClInclude Include="Source\Singleton\TimeManager.h">
      <Filter>ヘッダー ファイル\Singleton</Filter>
    </ClInclude>
    <ClInclude Include="Source\Singleton\ResourceSingleton\ResourceBase.h">
      <Filter>ヘッダー ファイル\Singleton\ResourceSingleton</Filter>
    </ClInclude>
    <ClInclude Include="Source\Singleton\ResourceSingleton\ResourceGraph.h">
      <Filter>ヘッダー ファイル\Singleton\ResourceSingleton</Filter>
    </ClInclude>
    <ClInclude Include="Source\Singleton\ResourceSingleton\ResourceManager.h">
      <Filter>ヘッダー ファイル\Singleton\ResourceSingleton</Filter>
    </ClInclude>
    <ClInclude Include="Source\Singleton\ResourceSingleton\ResourceMovie.h">
      <Filter>ヘッダー ファイル\Singleton\ResourceSingleton</Filter>
    </ClInclude>
    <ClInclude Include="Source\Singleton\ResourceSingleton\ResourceSound.h">
      <Filter>ヘッダー ファイル\Singleton\ResourceSingleton</Filter>
    </ClInclude>
    <ClInclude Include="Source\State\StateCamera.h">
      <Filter>ヘッダー ファイル\State</Filter>
    </ClInclude>
    <ClInclude Include="Source\State\StateDotWeen.h">
      <Filter>ヘッダー ファイル\State</Filter>
    </ClInclude>
    <ClInclude Include="Source\State\Fsm\FSM.h">
      <Filter>ヘッダー ファイル\State\FSM</Filter>
    </ClInclude>
    <ClInclude Include="Source\State\Fsm\FSMCamera.h">
      <Filter>ヘッダー ファイル\State\FSM</Filter>
    </ClInclude>
    <ClInclude Include="Source\State\Fsm\FSMDotWeen.h">
      <Filter>ヘッダー ファイル\State\FSM</Filter>
    </ClInclude>
    <ClInclude Include="Source\State\StateBase\StateBase.h">
      <Filter>ヘッダー ファイル\State\StateBase</Filter>
    </ClInclude>
    <ClInclude Include="Source\State\StateBase\StateCameraBase.h">
      <Filter>ヘッダー ファイル\State\StateBase</Filter>
    </ClInclude>
    <ClInclude Include="Source\State\StateBase\StateDotWeenBase.h">
      <Filter>ヘッダー ファイル\State\StateBase</Filter>
    </ClInclude>
    <ClInclude Include="Source\Struct\BitFlag.h">
      <Filter>ヘッダー ファイル\Struct</Filter>
    </ClInclude>
    <ClInclude Include="Source\Struct\CameraData.h">
      <Filter>ヘッダー ファイル\Struct</Filter>
    </ClInclude>
    <ClInclude Include="Source\Struct\DotWeenData.h">
      <Filter>ヘッダー ファイル\Struct</Filter>
    </ClInclude>
    <ClInclude Include="Source\Struct\DrawData.h">
      <Filter>ヘッダー ファイル\Struct</Filter>
    </ClInclude>
    <ClInclude Include="Source\Struct\ImguiData.h">
      <Filter>ヘッダー ファイル\Struct</Filter>
    </ClInclude>
    <ClInclude Include="Source\Struct\ResourceData.h">
      <Filter>ヘッダー ファイル\Struct</Filter>
    </ClInclude>
    <ClInclude Include="Source\Struct\StateData.h">
      <Filter>ヘッダー ファイル\Struct</Filter>
    </ClInclude>
    <ClInclude Include="Source\Struct\TimeData.h">
      <Filter>ヘッダー ファイル\Struct</Filter>
    </ClInclude>
    <ClInclude Include="Source\Struct\Vector2.h">
      <Filter>ヘッダー ファイル\Struct</Filter>
    </ClInclude>
    <ClInclude Include="Source\TemplateTypeRestriction\TemplateType_Equal.h">
      <Filter>ヘッダー ファイル\TemplateTypeRestriction</Filter>
    </ClInclude>
    <ClInclude Include="Source\Util\UtilCalc.h">
      <Filter>ヘッダー ファイル\Util</Filter>
    </ClInclude>
    <ClInclude Include="Source\Util\UtilChange.h">
      <Filter>ヘッダー ファイル\Util</Filter>
    </ClInclude>
    <ClInclude Include="Source\Shine\ShineManager.h">
      <Filter>ヘッダー ファイル\Shine</Filter>
    </ClInclude>
    <ClInclude Include="Source\Shine\ShineObject.h">
      <Filter>ヘッダー ファイル\Shine</Filter>
    </ClInclude>
    <ClInclude Include="Source\Shine\WallObject.h">
      <Filter>ヘッダー ファイル\Shine</Filter>
    </ClInclude>
    <ClInclude Include="Source\Shine\TestObjectBase.h">
      <Filter>ヘッダー ファイル\Shine</Filter>
    </ClInclude>
    <ClInclude Include="Source\Struct\UseDeclaration.h">
      <Filter>ヘッダー ファイル\Struct</Filter>
    </ClInclude>
    <ClInclude Include="Source\Shine\MapObjectData.h">
      <Filter>ヘッダー ファイル\Shine</Filter>
    </ClInclude>
    <ClInclude Include="Source\Shine\DiamondWallObject.h">
      <Filter>ヘッダー ファイル\Shine</Filter>
    </ClInclude>
    <ClInclude Include="Source\Shine\MyMath.h">
      <Filter>ヘッダー ファイル\Shine</Filter>
    </ClInclude>
  </ItemGroup>
  <ItemGroup>
    <ClCompile Include="Source\Main.cpp">
      <Filter>ソース ファイル</Filter>
    </ClCompile>
    <ClCompile Include="Source\DebugLogs\DebugLog.cpp">
      <Filter>ソース ファイル\DebugLogs</Filter>
    </ClCompile>
    <ClCompile Include="Imgui\imgui_widgets.cpp">
      <Filter>ソース ファイル\DebugLogs\imgui</Filter>
    </ClCompile>
    <ClCompile Include="Imgui\imgui_tables.cpp">
      <Filter>ソース ファイル\DebugLogs\imgui</Filter>
    </ClCompile>
    <ClCompile Include="Imgui\imgui_draw.cpp">
      <Filter>ソース ファイル\DebugLogs\imgui</Filter>
    </ClCompile>
    <ClCompile Include="Imgui\imgui_demo.cpp">
      <Filter>ソース ファイル\DebugLogs\imgui</Filter>
    </ClCompile>
    <ClCompile Include="Imgui\imgui.cpp">
      <Filter>ソース ファイル\DebugLogs\imgui</Filter>
    </ClCompile>
    <ClCompile Include="Imgui\backends\imgui_impl_dx11.cpp">
      <Filter>ソース ファイル\DebugLogs\imgui\backends</Filter>
    </ClCompile>
    <ClCompile Include="Imgui\backends\imgui_impl_win32.cpp">
      <Filter>ソース ファイル\DebugLogs\imgui\backends</Filter>
    </ClCompile>
    <ClCompile Include="Source\State\StateCamera.cpp">
      <Filter>ソース ファイル\State</Filter>
    </ClCompile>
    <ClCompile Include="Source\State\StateDotWeen.cpp">
      <Filter>ソース ファイル\State</Filter>
    </ClCompile>
    <ClCompile Include="Source\State\StateBase\StateCameraBase.cpp">
      <Filter>ソース ファイル\State\StateBase</Filter>
    </ClCompile>
    <ClCompile Include="Source\State\Fsm\FSMCamera.cpp">
      <Filter>ソース ファイル\State\FSM</Filter>
    </ClCompile>
    <ClCompile Include="Source\State\Fsm\FSMDotWeen.cpp">
      <Filter>ソース ファイル\State\FSM</Filter>
    </ClCompile>
    <ClCompile Include="Source\Struct\CameraData.cpp">
      <Filter>ソース ファイル\Struct</Filter>
    </ClCompile>
    <ClCompile Include="Source\Struct\ResourceData.cpp">
      <Filter>ソース ファイル\Struct</Filter>
    </ClCompile>
    <ClCompile Include="Source\Util\UtilCalc.cpp">
      <Filter>ソース ファイル\Util</Filter>
    </ClCompile>
    <ClCompile Include="Source\Util\UtilChange.cpp">
      <Filter>ソース ファイル\Util</Filter>
    </ClCompile>
    <ClCompile Include="Source\Singleton\CameraManager.cpp">
      <Filter>ソース ファイル\Singleton</Filter>
    </ClCompile>
    <ClCompile Include="Source\Singleton\DotWeenManager.cpp">
      <Filter>ソース ファイル\Singleton</Filter>
    </ClCompile>
    <ClCompile Include="Source\Singleton\DrawManager.cpp">
      <Filter>ソース ファイル\Singleton</Filter>
    </ClCompile>
    <ClCompile Include="Source\Singleton\EndManager.cpp">
      <Filter>ソース ファイル\Singleton</Filter>
    </ClCompile>
    <ClCompile Include="Source\Singleton\GameManager.cpp">
      <Filter>ソース ファイル\Singleton</Filter>
    </ClCompile>
    <ClCompile Include="Source\Singleton\ImguiManager.cpp">
      <Filter>ソース ファイル\Singleton</Filter>
    </ClCompile>
    <ClCompile Include="Source\Singleton\KeyState.cpp">
      <Filter>ソース ファイル\Singleton</Filter>
    </ClCompile>
    <ClCompile Include="Source\Singleton\LoadingManager.cpp">
      <Filter>ソース ファイル\Singleton</Filter>
    </ClCompile>
    <ClCompile Include="Source\Singleton\Master.cpp">
      <Filter>ソース ファイル\Singleton</Filter>
    </ClCompile>
    <ClCompile Include="Source\Singleton\StopManager.cpp">
      <Filter>ソース ファイル\Singleton</Filter>
    </ClCompile>
    <ClCompile Include="Source\Singleton\ThreadManager.cpp">
      <Filter>ソース ファイル\Singleton</Filter>
    </ClCompile>
    <ClCompile Include="Source\Singleton\TimeManager.cpp">
      <Filter>ソース ファイル\Singleton</Filter>
    </ClCompile>
    <ClCompile Include="Source\Singleton\ResourceSingleton\ResourceGraph.cpp">
      <Filter>ソース ファイル\Singleton\ResourceSingleton</Filter>
    </ClCompile>
    <ClCompile Include="Source\Singleton\ResourceSingleton\ResourceManager.cpp">
      <Filter>ソース ファイル\Singleton\ResourceSingleton</Filter>
    </ClCompile>
    <ClCompile Include="Source\Singleton\ResourceSingleton\ResourceMovie.cpp">
      <Filter>ソース ファイル\Singleton\ResourceSingleton</Filter>
    </ClCompile>
    <ClCompile Include="Source\Singleton\ResourceSingleton\ResourceSound.cpp">
      <Filter>ソース ファイル\Singleton\ResourceSingleton</Filter>
    </ClCompile>
    <ClCompile Include="Source\Shine\ShineObject.cpp">
      <Filter>ソース ファイル\Shine</Filter>
    </ClCompile>
    <ClCompile Include="Source\Shine\WallObject.cpp">
      <Filter>ソース ファイル\Shine</Filter>
    </ClCompile>
    <ClCompile Include="Source\Shine\ShineManager.cpp">
      <Filter>ソース ファイル\Shine</Filter>
    </ClCompile>
    <ClCompile Include="Source\Shine\DiamondWallObject.cpp">
      <Filter>ソース ファイル\Shine</Filter>
    </ClCompile>
    <ClCompile Include="Source\Shine\MyMath.cpp">
      <Filter>ソース ファイル\Shine</Filter>
    </ClCompile>
  </ItemGroup>
</Project>